
Microsoft Visual Studio Solution File, Format Version 12.00
# Visual Studio Version 17
VisualStudioVersion = 17.3.32819.101
MinimumVisualStudioVersion = 10.0.40219.1
Project("{FAE04EC0-301F-11D3-BF4B-00C04F79EFBC}") = "MyGroceries", "MyGroceries\MyGroceries.csproj", "{2D9C11F0-2290-4258-93C0-AAA4D216F696}"
EndProject
Global
	GlobalSection(SolutionConfigurationPlatforms) = preSolution
		Debug|Any CPU = Debug|Any CPU
		Release|Any CPU = Release|Any CPU
	EndGlobalSection
	GlobalSection(ProjectConfigurationPlatforms) = postSolution
		{2D9C11F0-2290-4258-93C0-AAA4D216F696}.Debug|Any CPU.ActiveCfg = Debug|Any CPU
		{2D9C11F0-2290-4258-93C0-AAA4D216F696}.Debug|Any CPU.Build.0 = Debug|Any CPU
		{2D9C11F0-2290-4258-93C0-AAA4D216F696}.Debug|Any CPU.Deploy.0 = Debug|Any CPU
		{2D9C11F0-2290-4258-93C0-AAA4D216F696}.Release|Any CPU.ActiveCfg = Release|Any CPU
		{2D9C11F0-2290-4258-93C0-AAA4D216F696}.Release|Any CPU.Build.0 = Release|Any CPU
		{2D9C11F0-2290-4258-93C0-AAA4D216F696}.Release|Any CPU.Deploy.0 = Release|Any CPU
	EndGlobalSection
	GlobalSection(SolutionProperties) = preSolution
		HideSolutionNode = FALSE
	EndGlobalSection
	GlobalSection(ExtensibilityGlobals) = postSolution
		SolutionGuid = {403C2E57-DE53-4CAE-B0FA-806A9174AB48}
	EndGlobalSection
EndGlobal
